
Microsoft Visual Studio Solution File, Format Version 12.00
# Visual Studio 15
VisualStudioVersion = 15.0.28307.329
MinimumVisualStudioVersion = 10.0.40219.1
Project("{F2A71F9B-5D33-465A-A702-920D77279786}") = "ConsoleApp1", "ConsoleApp1\ConsoleApp1.fsproj", "{B58B26E8-0A0E-481D-A5C6-9EE89B994C6B}"
EndProject
Global
	GlobalSection(SolutionConfigurationPlatforms) = preSolution
		Debug|Any CPU = Debug|Any CPU
		Release|Any CPU = Release|Any CPU
	EndGlobalSection
	GlobalSection(ProjectConfigurationPlatforms) = postSolution
		{B58B26E8-0A0E-481D-A5C6-9EE89B994C6B}.Debug|Any CPU.ActiveCfg = Debug|Any CPU
		{B58B26E8-0A0E-481D-A5C6-9EE89B994C6B}.Debug|Any CPU.Build.0 = Debug|Any CPU
		{B58B26E8-0A0E-481D-A5C6-9EE89B994C6B}.Release|Any CPU.ActiveCfg = Release|Any CPU
		{B58B26E8-0A0E-481D-A5C6-9EE89B994C6B}.Release|Any CPU.Build.0 = Release|Any CPU
	EndGlobalSection
	GlobalSection(SolutionProperties) = preSolution
		HideSolutionNode = FALSE
	EndGlobalSection
	GlobalSection(ExtensibilityGlobals) = postSolution
		SolutionGuid = {609EECAF-055C-46AA-8ABA-D90F39EEB64D}
	EndGlobalSection
EndGlobal
